{
    "_meta": {
        "hash": {
            "sha256": "ca30723b278f6aeba001dfcaec799d8706c5c4c650be3331213ffe8d46f7ea40"
        },
        "pipfile-spec": 6,
        "requires": {
            "python_version": "3.6"
        },
        "sources": [
            {
                "name": "pypi",
                "url": "https://pypi.org/simple",
                "verify_ssl": true
            }
        ]
    },
    "default": {
        "ijson": {
            "hashes": [
                "sha256:ef5f9f6bf9e44f2e1721e72bcc82c7ac6bb012b525e0f8642dedf7ddc44cf474",
                "sha256:eff9ce137698dcb565420497050955cb811892eb073ea1c09d92ecaf671bd7f7"
            ],
            "index": "pypi",
            "version": "==2.3"
        },
        "tabulate": {
            "hashes": [
                "sha256:e4ca13f26d0a6be2a2915428dc21e732f1e44dad7f76d7030b2ef1ec251cf7f2"
            ],
            "index": "pypi",
            "version": "==0.8.2"
        }
    },
    "develop": {}
}
